{
    "_meta": {
        "hash": {
            "sha256": "ee92071517081f5e60d9ddf25e0192850d4300b8bfd4ecff72b3259b6bc9292e"
        },
        "pipfile-spec": 6,
        "requires": {},
        "sources": [
            {
                "name": "pypi",
                "url": "https://pypi.org/simple",
                "verify_ssl": true
            }
        ]
    },
    "default": {
        "asgiref": {
            "hashes": [
                "sha256:4ef1ab46b484e3c706329cedeff284a5d40824200638503f5768edb6de7d58e9",
                "sha256:ffc141aa908e6f175673e7b1b3b7af4fdb0ecb738fc5c8b88f69f055c2415214"
            ],
            "markers": "python_version >= '3.6'",
            "version": "==3.4.1"
        },
        "babel": {
            "hashes": [
                "sha256:ab49e12b91d937cd11f0b67cb259a57ab4ad2b59ac7a3b41d6c06c0ac5b0def9",
                "sha256:bc0c176f9f6a994582230df350aa6e05ba2ebe4b3ac317eab29d9be5d2768da0"
            ],
            "markers": "python_version >= '2.7' and python_version not in '3.0, 3.1, 3.2, 3.3'",
            "version": "==2.9.1"
        },
        "beautifulsoup4": {
            "hashes": [
                "sha256:9a315ce70049920ea4572a4055bc4bd700c940521d36fc858205ad4fcde149bf",
                "sha256:c23ad23c521d818955a4151a67d81580319d4bf548d3d49f4223ae041ff98891"
            ],
            "markers": "python_version >= '3.1'",
            "version": "==4.10.0"
        },
        "dj-database-url": {
            "hashes": [
                "sha256:4aeaeb1f573c74835b0686a2b46b85990571159ffc21aa57ecd4d1e1cb334163",
                "sha256:851785365761ebe4994a921b433062309eb882fedd318e1b0fcecc607ed02da9"
            ],
            "version": "==0.5.0"
        },
        "dj-email-url": {
            "hashes": [
                "sha256:15148141c6ef123636e4ca3663e95231ed94ca5ed267e91977e5a4397be8b34c",
                "sha256:838fd4ded9deba53ae757debef431e25fa7fca31d3948b3c4808ccdc84fab2b7"
            ],
            "version": "==1.0.2"
        },
        "django": {
            "hashes": [
                "sha256:296d10092561a1cf16100885b935dc56cf09c8ccb114e64004554941677c6342",
                "sha256:f5c3f1ce2473abf2f35d992c46d5534e53bd3397867689bde28fd29e856b46b7"
            ],
            "index": "pypi",
            "version": "==3.1.9"
        },
        "django-admin-list-filter-dropdown": {
            "hashes": [
                "sha256:07cd37b6a9be1b08f11d4a92957c69b67bc70b1f87a2a7d4ae886c93ea51eb53",
                "sha256:bf1b48bab9772dad79db71efef17e78782d4f2421444d5e49bb10e0da71cd6bb"
            ],
            "index": "pypi",
            "version": "==1.0.3"
        },
        "django-admin-rangefilter": {
            "hashes": [
                "sha256:0195932572ce46a20b33fb026072fda6546e59185736c7bc6785aafbc050cacb",
                "sha256:9167b36ee43976ba86137cafd167e268a1c3135934a4d029731497a0356d7ebb"
            ],
            "index": "pypi",
            "version": "==0.6.2"
        },
        "django-auth-ldap": {
            "hashes": [
                "sha256:0ed2d88d81c39be915a9ab53b97ec0a33a3d16055518ab4c9bcffe8236d40370",
                "sha256:11af1773b08613339d2c3a0cec1308a4d563518f17b1719c3759994d0b4d04bf"
            ],
            "index": "pypi",
            "version": "==2.2.0"
        },
        "django-bootstrap4": {
            "hashes": [
                "sha256:1c0a931b4245a0dcd5051ea1b244ac130a328374ce8e85254c75eb072a737201",
                "sha256:32cc0f914ace4cef935c0d3f786dde2a52f0ea1be72153f6e356c0aa8f3925e1"
            ],
            "index": "pypi",
            "version": "==2.2.0"
        },
        "django-cache-url": {
            "hashes": [
                "sha256:5514ca3a2075c6b956b3d0a5c540654d32b004e76340d7bdabf6661135b5f218",
                "sha256:c1d45626ae8a206267c1263aa7a3461e2e186be2e939bcbd8c660e25851ddac8"
            ],
            "version": "==3.2.3"
        },
        "django-export-action": {
            "hashes": [
                "sha256:9f9de049b08ec949a3df0f0fc80d6a65de81ce87a00ba675bb8402042b029b1f",
                "sha256:bb08802cb72c8f7dce7e775754b5b5236504656a6ca5b5f5ed8cc1904a923393"
            ],
            "index": "pypi",
            "version": "==0.1.1"
        },
        "django-hashers-passlib": {
            "hashes": [
                "sha256:2649634ada2f4de1cf17c3c3d43d8391220d68722aa64daee07d975dc210ef30",
                "sha256:c8f937cf4a9a21957e28735d1ffd8df242dff863c2e4b92665d98509cd6ae0c4"
            ],
            "index": "pypi",
            "version": "==0.4"
        },
        "django-phonenumber-field": {
            "extras": [
                "phonenumbers"
            ],
            "hashes": [
                "sha256:2ca3bb0ada0ebc164bd903a981a34f1202a4294006e520b0da961bd7ce9f20a4",
                "sha256:d4580cc3352f4433962825f9927e6669852c1b40ec484fcb5a74064dabc1201a"
            ],
            "index": "pypi",
            "version": "==4.0.0."
        },
        "environs": {
            "extras": [
                "django"
            ],
            "hashes": [
                "sha256:2eb671afd37e6e9820131b918bbbcaa6658d0fb420ebf35bdfb750ae39c51a66",
                "sha256:6bef733b88cc901e787cf24fb2eaa72621b0656226ea4e332ab24ed0cba36fcf"
            ],
            "index": "pypi",
            "version": "==9.3.2"
        },
        "et-xmlfile": {
            "hashes": [
                "sha256:8eb9e2bc2f8c97e37a2dc85a09ecdcdec9d8a396530a6d5a33b30b9a92da0c5c",
                "sha256:a2ba85d1d6a74ef63837eed693bcb89c3f752169b0e3e7ae5b16ca5e1b3deada"
            ],
            "markers": "python_version >= '3.6'",
            "version": "==1.1.0"
        },
        "gunicorn": {
            "hashes": [
                "sha256:9dcc4547dbb1cb284accfb15ab5667a0e5d1881cc443e0677b4882a4067a807e",
                "sha256:e0a968b5ba15f8a328fdfd7ab1fcb5af4470c28aaf7e55df02a99bc13138e6e8"
            ],
            "index": "pypi",
            "version": "==20.1.0"
        },
        "marshmallow": {
            "hashes": [
                "sha256:04438610bc6dadbdddb22a4a55bcc7f6f8099e69580b2e67f5a681933a1f4400",
                "sha256:4c05c1684e0e97fe779c62b91878f173b937fe097b356cd82f793464f5bc6138"
            ],
            "markers": "python_version >= '3.6'",
            "version": "==3.14.1"
        },
        "openpyxl": {
            "hashes": [
                "sha256:40f568b9829bf9e446acfffce30250ac1fa39035124d55fc024025c41481c90f",
                "sha256:8f3b11bd896a95468a4ab162fc4fcd260d46157155d1f8bfaabb99d88cfcf79f"
            ],
            "markers": "python_version >= '3.6'",
            "version": "==3.0.9"
        },
        "passlib": {
            "hashes": [
                "sha256:aa6bca462b8d8bda89c70b382f0c298a20b5560af6cbfa2dce410c0a2fb669f1",
                "sha256:defd50f72b65c5402ab2c573830a6978e5f202ad0d984793c8dde2c4152ebe04"
            ],
            "version": "==1.7.4"
        },
        "phonenumbers": {
            "hashes": [
                "sha256:3cda1d1cea9a6801babf825e6c0f6a9776ea6d8a68b81b256178f8e5aa813344",
                "sha256:95c8a30157323a73a4f9207792e3ed69b626b4c74d8fc44064f25e7fb56cfc94"
            ],
            "version": "==8.12.38"
        },
        "psycopg2-binary": {
            "hashes": [
                "sha256:0deac2af1a587ae12836aa07970f5cb91964f05a7c6cdb69d8425ff4c15d4e2c",
                "sha256:0e4dc3d5996760104746e6cfcdb519d9d2cd27c738296525d5867ea695774e67",
                "sha256:11b9c0ebce097180129e422379b824ae21c8f2a6596b159c7659e2e5a00e1aa0",
                "sha256:15978a1fbd225583dd8cdaf37e67ccc278b5abecb4caf6b2d6b8e2b948e953f6",
                "sha256:1fabed9ea2acc4efe4671b92c669a213db744d2af8a9fc5d69a8e9bc14b7a9db",
                "sha256:2dac98e85565d5688e8ab7bdea5446674a83a3945a8f416ad0110018d1501b94",
                "sha256:42ec1035841b389e8cc3692277a0bd81cdfe0b65d575a2c8862cec7a80e62e52",
                "sha256:6422f2ff0919fd720195f64ffd8f924c1395d30f9a495f31e2392c2efafb5056",
                "sha256:6a32f3a4cb2f6e1a0b15215f448e8ce2da192fd4ff35084d80d5e39da683e79b",
                "sha256:7312e931b90fe14f925729cde58022f5d034241918a5c4f9797cac62f6b3a9dd",
                "sha256:7d92a09b788cbb1aec325af5fcba9fed7203897bbd9269d5691bb1e3bce29550",
                "sha256:833709a5c66ca52f1d21d41865a637223b368c0ee76ea54ca5bad6f2526c7679",
                "sha256:89705f45ce07b2dfa806ee84439ec67c5d9a0ef20154e0e475e2b2ed392a5b83",
                "sha256:8cd0fb36c7412996859cb4606a35969dd01f4ea34d9812a141cd920c3b18be77",
                "sha256:950bc22bb56ee6ff142a2cb9ee980b571dd0912b0334aa3fe0fe3788d860bea2",
                "sha256:a0c50db33c32594305b0ef9abc0cb7db13de7621d2cadf8392a1d9b3c437ef77",
                "sha256:a0eb43a07386c3f1f1ebb4dc7aafb13f67188eab896e7397aa1ee95a9c884eb2",
                "sha256:aaa4213c862f0ef00022751161df35804127b78adf4a2755b9f991a507e425fd",
                "sha256:ac0c682111fbf404525dfc0f18a8b5f11be52657d4f96e9fcb75daf4f3984859",
                "sha256:ad20d2eb875aaa1ea6d0f2916949f5c08a19c74d05b16ce6ebf6d24f2c9f75d1",
                "sha256:b4afc542c0ac0db720cf516dd20c0846f71c248d2b3d21013aa0d4ef9c71ca25",
                "sha256:b8a3715b3c4e604bcc94c90a825cd7f5635417453b253499664f784fc4da0152",
                "sha256:ba28584e6bca48c59eecbf7efb1576ca214b47f05194646b081717fa628dfddf",
                "sha256:ba381aec3a5dc29634f20692349d73f2d21f17653bda1decf0b52b11d694541f",
                "sha256:bd1be66dde2b82f80afb9459fc618216753f67109b859a361cf7def5c7968729",
                "sha256:c2507d796fca339c8fb03216364cca68d87e037c1f774977c8fc377627d01c71",
                "sha256:cec7e622ebc545dbb4564e483dd20e4e404da17ae07e06f3e780b2dacd5cee66",
                "sha256:d14b140a4439d816e3b1229a4a525df917d6ea22a0771a2a78332273fd9528a4",
                "sha256:d1b4ab59e02d9008efe10ceabd0b31e79519da6fb67f7d8e8977118832d0f449",
                "sha256:d5227b229005a696cc67676e24c214740efd90b148de5733419ac9aaba3773da",
                "sha256:e1f57aa70d3f7cc6947fd88636a481638263ba04a742b4a37dd25c373e41491a",
                "sha256:e74a55f6bad0e7d3968399deb50f61f4db1926acf4a6d83beaaa7df986f48b1c",
                "sha256:e82aba2188b9ba309fd8e271702bd0d0fc9148ae3150532bbb474f4590039ffb",
                "sha256:ee69dad2c7155756ad114c02db06002f4cded41132cc51378e57aad79cc8e4f4",
                "sha256:f5ab93a2cb2d8338b1674be43b442a7f544a0971da062a5da774ed40587f18f5"
            ],
            "index": "pypi",
            "version": "==2.8.6"
        },
        "pyasn1": {
            "hashes": [
                "sha256:014c0e9976956a08139dc0712ae195324a75e142284d5f87f1a87ee1b068a359",
                "sha256:03840c999ba71680a131cfaee6fab142e1ed9bbd9c693e285cc6aca0d555e576",
                "sha256:0458773cfe65b153891ac249bcf1b5f8f320b7c2ce462151f8fa74de8934becf",
                "sha256:08c3c53b75eaa48d71cf8c710312316392ed40899cb34710d092e96745a358b7",
                "sha256:39c7e2ec30515947ff4e87fb6f456dfc6e84857d34be479c9d4a4ba4bf46aa5d",
                "sha256:5c9414dcfede6e441f7e8f81b43b34e834731003427e5b09e4e00e3172a10f00",
                "sha256:6e7545f1a61025a4e58bb336952c5061697da694db1cae97b116e9c46abcf7c8",
                "sha256:78fa6da68ed2727915c4767bb386ab32cdba863caa7dbe473eaae45f9959da86",
                "sha256:7ab8a544af125fb704feadb008c99a88805126fb525280b2270bb25cc1d78a12",
                "sha256:99fcc3c8d804d1bc6d9a099921e39d827026409a58f2a720dcdb89374ea0c776",
                "sha256:aef77c9fb94a3ac588e87841208bdec464471d9871bd5050a287cc9a475cd0ba",
                "sha256:e89bf84b5437b532b0803ba5c9a5e054d21fec423a89952a74f87fa2c9b7bce2",
                "sha256:fec3e9d8e36808a28efb59b489e4528c10ad0f480e57dcc32b4de5c9d8c9fdf3"
            ],
            "version": "==0.4.8"
        },
        "pyasn1-modules": {
            "hashes": [
                "sha256:0845a5582f6a02bb3e1bde9ecfc4bfcae6ec3210dd270522fee602365430c3f8",
                "sha256:0fe1b68d1e486a1ed5473f1302bd991c1611d319bba158e98b106ff86e1d7199",
                "sha256:15b7c67fabc7fc240d87fb9aabf999cf82311a6d6fb2c70d00d3d0604878c811",
                "sha256:426edb7a5e8879f1ec54a1864f16b882c2837bfd06eee62f2c982315ee2473ed",
                "sha256:65cebbaffc913f4fe9e4808735c95ea22d7a7775646ab690518c056784bc21b4",
                "sha256:905f84c712230b2c592c19470d3ca8d552de726050d1d1716282a1f6146be65e",
                "sha256:a50b808ffeb97cb3601dd25981f6b016cbb3d31fbf57a8b8a87428e6158d0c74",
                "sha256:a99324196732f53093a84c4369c996713eb8c89d360a496b599fb1a9c47fc3eb",
                "sha256:b80486a6c77252ea3a3e9b1e360bc9cf28eaac41263d173c032581ad2f20fe45",
                "sha256:c29a5e5cc7a3f05926aff34e097e84f8589cd790ce0ed41b67aed6857b26aafd",
                "sha256:cbac4bc38d117f2a49aeedec4407d23e8866ea4ac27ff2cf7fb3e5b570df19e0",
                "sha256:f39edd8c4ecaa4556e989147ebf219227e2cd2e8a43c7e7fcb1f1c18c5fd6a3d",
                "sha256:fe0644d9ab041506b62782e92b06b8c68cca799e1a9636ec398675459e031405"
            ],
            "version": "==0.2.8"
        },
        "python-dotenv": {
            "hashes": [
                "sha256:32b2bdc1873fd3a3c346da1c6db83d0053c3c62f28f1f38516070c4c8971b1d3",
                "sha256:a5de49a31e953b45ff2d2fd434bbc2670e8db5273606c1e737cc6b93eff3655f"
            ],
            "markers": "python_version >= '3.5'",
            "version": "==0.19.2"
        },
        "python-ldap": {
            "hashes": [
                "sha256:60464c8fc25e71e0fd40449a24eae482dcd0fb7fcf823e7de627a6525b3e0d12"
            ],
            "index": "pypi",
            "version": "==3.4.0"
        },
        "pytz": {
            "hashes": [
                "sha256:a494d53b6d39c3c6e44c3bec237336e14305e4f29bbf800b599253057fbb79ed",
                "sha256:c35965d010ce31b23eeb663ed3cc8c906275d6be1a34393a1d73a41febf4a048"
            ],
            "index": "pypi",
            "version": "==2020.1"
        },
        "setuptools": {
            "hashes": [
                "sha256:b4c634615a0cf5b02cf83c7bedffc8da0ca439f00e79452699454da6fbd4153d",
                "sha256:feb5ff19b354cde9efd2344ef6d5e79880ce4be643037641b49508bbb850d060"
            ],
            "markers": "python_version >= '3.6'",
            "version": "==59.4.0"
        },
        "soupsieve": {
            "hashes": [
                "sha256:1a3cca2617c6b38c0343ed661b1fa5de5637f257d4fe22bd9f1338010a1efefb",
                "sha256:b8d49b1cd4f037c7082a9683dfa1801aa2597fb11c3a1155b7a5b94829b4f1f9"
            ],
            "markers": "python_version >= '3.6'",
            "version": "==2.3.1"
        },
        "sqlparse": {
            "hashes": [
                "sha256:0c00730c74263a94e5a9919ade150dfc3b19c574389985446148402998287dae",
                "sha256:48719e356bb8b42991bdbb1e8b83223757b93789c00910a616a071910ca4a64d"
            ],
            "markers": "python_version >= '3.5'",
            "version": "==0.4.2"
        }
    },
    "develop": {
        "bcrypt": {
            "hashes": [
                "sha256:5b93c1726e50a93a033c36e5ca7fdcd29a5c7395af50a6892f5d9e7c6cfbfb29",
                "sha256:63d4e3ff96188e5898779b6057878fecf3f11cfe6ec3b313ea09955d587ec7a7",
                "sha256:81fec756feff5b6818ea7ab031205e1d323d8943d237303baca2c5f9c7846f34",
                "sha256:a67fb841b35c28a59cebed05fbd3e80eea26e6d75851f0574a9273c80f3e9b55",
                "sha256:c95d4cbebffafcdd28bd28bb4e25b31c50f6da605c81ffd9ad8a3d1b2ab7b1b6",
                "sha256:cd1ea2ff3038509ea95f687256c46b79f5fc382ad0aa3664d200047546d511d1",
                "sha256:cdcdcb3972027f83fe24a48b1e90ea4b584d35f1cc279d76de6fc4b13376239d"
            ],
            "markers": "python_version >= '3.6'",
            "version": "==3.2.0"
        },
        "cffi": {
            "hashes": [
                "sha256:00c878c90cb53ccfaae6b8bc18ad05d2036553e6d9d1d9dbcf323bbe83854ca3",
                "sha256:0104fb5ae2391d46a4cb082abdd5c69ea4eab79d8d44eaaf79f1b1fd806ee4c2",
                "sha256:06c48159c1abed75c2e721b1715c379fa3200c7784271b3c46df01383b593636",
                "sha256:0808014eb713677ec1292301ea4c81ad277b6cdf2fdd90fd540af98c0b101d20",
                "sha256:10dffb601ccfb65262a27233ac273d552ddc4d8ae1bf93b21c94b8511bffe728",
                "sha256:14cd121ea63ecdae71efa69c15c5543a4b5fbcd0bbe2aad864baca0063cecf27",
                "sha256:17771976e82e9f94976180f76468546834d22a7cc404b17c22df2a2c81db0c66",
                "sha256:181dee03b1170ff1969489acf1c26533710231c58f95534e3edac87fff06c443",
                "sha256:23cfe892bd5dd8941608f93348c0737e369e51c100d03718f108bf1add7bd6d0",
                "sha256:263cc3d821c4ab2213cbe8cd8b355a7f72a8324577dc865ef98487c1aeee2bc7",
                "sha256:2756c88cbb94231c7a147402476be2c4df2f6078099a6f4a480d239a8817ae39",
                "sha256:27c219baf94952ae9d50ec19651a687b826792055353d07648a5695413e0c605",
                "sha256:2a23af14f408d53d5e6cd4e3d9a24ff9e05906ad574822a10563efcef137979a",
                "sha256:31fb708d9d7c3f49a60f04cf5b119aeefe5644daba1cd2a0fe389b674fd1de37",
                "sha256:3415c89f9204ee60cd09b235810be700e993e343a408693e80ce7f6a40108029",
                "sha256:3773c4d81e6e818df2efbc7dd77325ca0dcb688116050fb2b3011218eda36139",
                "sha256:3b96a311ac60a3f6be21d2572e46ce67f09abcf4d09344c49274eb9e0bf345fc",
                "sha256:3f7d084648d77af029acb79a0ff49a0ad7e9d09057a9bf46596dac9514dc07df",
                "sha256:41d45de54cd277a7878919867c0f08b0cf817605e4eb94093e7516505d3c8d14",
                "sha256:4238e6dab5d6a8ba812de994bbb0a79bddbdf80994e4ce802b6f6f3142fcc880",
                "sha256:45db3a33139e9c8f7c09234b5784a5e33d31fd6907800b316decad50af323ff2",
                "sha256:45e8636704eacc432a206ac7345a5d3d2c62d95a507ec70d62f23cd91770482a",
                "sha256:4958391dbd6249d7ad855b9ca88fae690783a6be9e86df65865058ed81fc860e",
                "sha256:4a306fa632e8f0928956a41fa8e1d6243c71e7eb59ffbd165fc0b41e316b2474",
                "sha256:57e9ac9ccc3101fac9d6014fba037473e4358ef4e89f8e181f8951a2c0162024",
                "sha256:59888172256cac5629e60e72e86598027aca6bf01fa2465bdb676d37636573e8",
                "sha256:5e069f72d497312b24fcc02073d70cb989045d1c91cbd53979366077959933e0",
                "sha256:64d4ec9f448dfe041705426000cc13e34e6e5bb13736e9fd62e34a0b0c41566e",
                "sha256:6dc2737a3674b3e344847c8686cf29e500584ccad76204efea14f451d4cc669a",
                "sha256:74fdfdbfdc48d3f47148976f49fab3251e550a8720bebc99bf1483f5bfb5db3e",
                "sha256:75e4024375654472cc27e91cbe9eaa08567f7fbdf822638be2814ce059f58032",
                "sha256:786902fb9ba7433aae840e0ed609f45c7bcd4e225ebb9c753aa39725bb3e6ad6",
                "sha256:8b6c2ea03845c9f501ed1313e78de148cd3f6cad741a75d43a29b43da27f2e1e",
                "sha256:91d77d2a782be4274da750752bb1650a97bfd8f291022b379bb8e01c66b4e96b",
                "sha256:91ec59c33514b7c7559a6acda53bbfe1b283949c34fe7440bcf917f96ac0723e",
                "sha256:920f0d66a896c2d99f0adbb391f990a84091179542c205fa53ce5787aff87954",
                "sha256:a5263e363c27b653a90078143adb3d076c1a748ec9ecc78ea2fb916f9b861962",
                "sha256:abb9a20a72ac4e0fdb50dae135ba5e77880518e742077ced47eb1499e29a443c",
                "sha256:c2051981a968d7de9dd2d7b87bcb9c939c74a34626a6e2f8181455dd49ed69e4",
                "sha256:c21c9e3896c23007803a875460fb786118f0cdd4434359577ea25eb556e34c55",
                "sha256:c2502a1a03b6312837279c8c1bd3ebedf6c12c4228ddbad40912d671ccc8a962",
                "sha256:d4d692a89c5cf08a8557fdeb329b82e7bf609aadfaed6c0d79f5a449a3c7c023",
                "sha256:da5db4e883f1ce37f55c667e5c0de439df76ac4cb55964655906306918e7363c",
                "sha256:e7022a66d9b55e93e1a845d8c9eba2a1bebd4966cd8bfc25d9cd07d515b33fa6",
                "sha256:ef1f279350da2c586a69d32fc8733092fd32cc8ac95139a00377841f59a3f8d8",
                "sha256:f54a64f8b0c8ff0b64d18aa76675262e1700f3995182267998c31ae974fbc382",
                "sha256:f5c7150ad32ba43a07c4479f40241756145a1f03b43480e058cfd862bf5041c7",
                "sha256:f6f824dc3bce0edab5f427efcfb1d63ee75b6fcb7282900ccaf925be84efb0fc",
                "sha256:fd8a250edc26254fe5b33be00402e6d287f562b6a5b2152dec302fa15bb3e997",
                "sha256:ffaa5c925128e29efbde7301d8ecaf35c8c60ffbcd6a1ffd3a552177c8e5e796"
            ],
            "version": "==1.15.0"
        },
        "cryptography": {
            "hashes": [
                "sha256:2049f8b87f449fc6190350de443ee0c1dd631f2ce4fa99efad2984de81031681",
                "sha256:231c4a69b11f6af79c1495a0e5a85909686ea8db946935224b7825cfb53827ed",
                "sha256:24469d9d33217ffd0ce4582dfcf2a76671af115663a95328f63c99ec7ece61a4",
                "sha256:2deab5ec05d83ddcf9b0916319674d3dae88b0e7ee18f8962642d3cde0496568",
                "sha256:494106e9cd945c2cadfce5374fa44c94cfadf01d4566a3b13bb487d2e6c7959e",
                "sha256:4c702855cd3174666ef0d2d13dcc879090aa9c6c38f5578896407a7028f75b9f",
                "sha256:52f769ecb4ef39865719aedc67b4b7eae167bafa48dbc2a26dd36fa56460507f",
                "sha256:5c49c9e8fb26a567a2b3fa0343c89f5d325447956cc2fc7231c943b29a973712",
                "sha256:684993ff6f67000a56454b41bdc7e015429732d65a52d06385b6e9de6181c71e",
                "sha256:6fbbbb8aab4053fa018984bb0e95a16faeb051dd8cca15add2a27e267ba02b58",
                "sha256:8982c19bb90a4fa2aad3d635c6d71814e38b643649b4000a8419f8691f20ac44",
                "sha256:9511416e85e449fe1de73f7f99b21b3aa04fba4c4d335d30c486ba3756e3a2a6",
                "sha256:97199a13b772e74cdcdb03760c32109c808aff7cd49c29e9cf4b7754bb725d1d",
                "sha256:a776bae1629c8d7198396fd93ec0265f8dd2341c553dc32b976168aaf0e6a636",
                "sha256:aa94d617a4cd4cdf4af9b5af65100c036bce22280ebb15d8b5262e8273ebc6ba",
                "sha256:b17d83b3d1610e571fedac21b2eb36b816654d6f7496004d6a0d32f99d1d8120",
                "sha256:d73e3a96c38173e0aa5646c31bf8473bc3564837977dd480f5cbeacf1d7ef3a3",
                "sha256:d91bc9f535599bed58f6d2e21a2724cb0c3895bf41c6403fe881391d29096f1d",
                "sha256:ef216d13ac8d24d9cd851776662f75f8d29c9f2d05cdcc2d34a18d32463a9b0b",
                "sha256:f6a5a85beb33e57998dc605b9dbe7deaa806385fdf5c4810fb849fcd04640c81",
                "sha256:f92556f94e476c1b616e6daec5f7ddded2c082efa7cee7f31c7aeda615906ed8"
            ],
            "markers": "python_version >= '3.6'",
            "version": "==36.0.0"
        },
        "fabric3": {
            "hashes": [
                "sha256:647e485ec83f30b587862f92374d6affc217f3d79819d1d7f512e42e7ae51e81",
                "sha256:7c5a5f2eb3079eb6bd2a69931f1ca298844c730ce3fdc68111db16e8857a0408"
            ],
            "index": "pypi",
            "version": "==1.14.post1"
        },
        "flake8": {
            "hashes": [
                "sha256:07528381786f2a6237b061f6e96610a4167b226cb926e2aa2b6b1d78057c576b",
                "sha256:bf8fd333346d844f616e8d47905ef3a3384edae6b4e9beb0c5101e25e3110907"
            ],
            "index": "pypi",
            "version": "==3.9.2"
        },
        "mccabe": {
            "hashes": [
                "sha256:ab8a6258860da4b6677da4bd2fe5dc2c659cff31b3ee4f7f5d64e79735b80d42",
                "sha256:dd8d182285a0fe56bace7f45b5e7d1a6ebcbf524e8f3bd87eb0f125271b8831f"
            ],
            "version": "==0.6.1"
        },
        "paramiko": {
            "hashes": [
                "sha256:7b5910f5815a00405af55da7abcc8a9e0d9657f57fcdd9a89894fdbba1c6b8a8",
                "sha256:85b1245054e5d7592b9088cc6d08da22445417912d3a3e48138675c7a8616438"
            ],
            "version": "==2.8.1"
        },
        "pycodestyle": {
            "hashes": [
                "sha256:514f76d918fcc0b55c6680472f0a37970994e07bbb80725808c17089be302068",
                "sha256:c389c1d06bf7904078ca03399a4816f974a1d590090fecea0c63ec26ebaf1cef"
            ],
            "markers": "python_version >= '2.7' and python_version not in '3.0, 3.1, 3.2, 3.3'",
            "version": "==2.7.0"
        },
        "pycparser": {
            "hashes": [
                "sha256:8ee45429555515e1f6b185e78100aea234072576aa43ab53aefcae078162fca9",
                "sha256:e644fdec12f7872f86c58ff790da456218b10f863970249516d60a5eaca77206"
            ],
            "version": "==2.21"
        },
        "pyflakes": {
            "hashes": [
                "sha256:7893783d01b8a89811dd72d7dfd4d84ff098e5eed95cfa8905b22bbffe52efc3",
                "sha256:f5bc8ecabc05bb9d291eb5203d6810b49040f6ff446a756326104746cc00c1db"
            ],
            "markers": "python_version >= '2.7' and python_version not in '3.0, 3.1, 3.2, 3.3'",
            "version": "==2.3.1"
        },
        "pynacl": {
            "hashes": [
                "sha256:06cbb4d9b2c4bd3c8dc0d267416aaed79906e7b33f114ddbf0911969794b1cc4",
                "sha256:11335f09060af52c97137d4ac54285bcb7df0cef29014a1a4efe64ac065434c4",
                "sha256:2fe0fc5a2480361dcaf4e6e7cea00e078fcda07ba45f811b167e3f99e8cff574",
                "sha256:30f9b96db44e09b3304f9ea95079b1b7316b2b4f3744fe3aaecccd95d547063d",
                "sha256:4e10569f8cbed81cb7526ae137049759d2a8d57726d52c1a000a3ce366779634",
                "sha256:511d269ee845037b95c9781aa702f90ccc36036f95d0f31373a6a79bd8242e25",
                "sha256:537a7ccbea22905a0ab36ea58577b39d1fa9b1884869d173b5cf111f006f689f",
                "sha256:54e9a2c849c742006516ad56a88f5c74bf2ce92c9f67435187c3c5953b346505",
                "sha256:757250ddb3bff1eecd7e41e65f7f833a8405fede0194319f87899690624f2122",
                "sha256:7757ae33dae81c300487591c68790dfb5145c7d03324000433d9a2c141f82af7",
                "sha256:7c6092102219f59ff29788860ccb021e80fffd953920c4a8653889c029b2d420",
                "sha256:8122ba5f2a2169ca5da936b2e5a511740ffb73979381b4229d9188f6dcb22f1f",
                "sha256:9c4a7ea4fb81536c1b1f5cc44d54a296f96ae78c1ebd2311bd0b60be45a48d96",
                "sha256:c914f78da4953b33d4685e3cdc7ce63401247a21425c16a39760e282075ac4a6",
                "sha256:cd401ccbc2a249a47a3a1724c2918fcd04be1f7b54eb2a5a71ff915db0ac51c6",
                "sha256:d452a6746f0a7e11121e64625109bc4468fc3100452817001dbe018bb8b08514",
                "sha256:ea6841bc3a76fa4942ce00f3bda7d436fda21e2d91602b9e21b7ca9ecab8f3ff",
                "sha256:f8851ab9041756003119368c1e6cd0b9c631f46d686b3904b18c0139f4419f80"
            ],
            "markers": "python_version >= '2.7' and python_version not in '3.0, 3.1, 3.2, 3.3'",
            "version": "==1.4.0"
        },
        "six": {
            "hashes": [
                "sha256:1e61c37477a1626458e36f7b1d82aa5c9b094fa4802892072e49de9c60c4c926",
                "sha256:8abb2f1d86890a2dfb989f9a77cfcfd3e47c2a354b01111771326f8aa26e0254"
            ],
            "markers": "python_version >= '2.7' and python_version not in '3.0, 3.1, 3.2, 3.3'",
            "version": "==1.16.0"
        },
        "wheel": {
            "hashes": [
                "sha256:78b5b185f0e5763c26ca1e324373aadd49182ca90e825f7853f4b2509215dc0e",
                "sha256:e11eefd162658ea59a60a0f6c7d493a7190ea4b9a85e335b33489d9f17e0245e"
            ],
            "index": "pypi",
            "version": "==0.36.2"
        }
    }
}
